
Microsoft Visual Studio Solution File, Format Version 12.00
# Visual Studio Version 17
VisualStudioVersion = 17.10.34928.147
MinimumVisualStudioVersion = 10.0.40219.1
Project("{FAE04EC0-301F-11D3-BF4B-00C04F79EFBC}") = "Store.Web", "Store.Web\Store.Web.csproj", "{BA7ACE8C-1C23-482D-9706-95B9971DD62A}"
EndProject
Project("{FAE04EC0-301F-11D3-BF4B-00C04F79EFBC}") = "Store.Data", "Store.Data\Store.Data.csproj", "{72710A15-5F1F-4FE2-81F1-0D84A703216C}"
EndProject
Project("{FAE04EC0-301F-11D3-BF4B-00C04F79EFBC}") = "Store.Repository", "Store.Repository\Store.Repository.csproj", "{2BAF1A23-412F-4F03-99DF-CD35F3A8EDF2}"
EndProject
Project("{FAE04EC0-301F-11D3-BF4B-00C04F79EFBC}") = "Store.service", "Store.service\Store.service.csproj", "{9BFA46DF-57AB-4E10-AF4A-53648E81318B}"
EndProject
Global
	GlobalSection(SolutionConfigurationPlatforms) = preSolution
		Debug|Any CPU = Debug|Any CPU
		Release|Any CPU = Release|Any CPU
	EndGlobalSection
	GlobalSection(ProjectConfigurationPlatforms) = postSolution
		{BA7ACE8C-1C23-482D-9706-95B9971DD62A}.Debug|Any CPU.ActiveCfg = Debug|Any CPU
		{BA7ACE8C-1C23-482D-9706-95B9971DD62A}.Debug|Any CPU.Build.0 = Debug|Any CPU
		{BA7ACE8C-1C23-482D-9706-95B9971DD62A}.Release|Any CPU.ActiveCfg = Release|Any CPU
		{BA7ACE8C-1C23-482D-9706-95B9971DD62A}.Release|Any CPU.Build.0 = Release|Any CPU
		{72710A15-5F1F-4FE2-81F1-0D84A703216C}.Debug|Any CPU.ActiveCfg = Debug|Any CPU
		{72710A15-5F1F-4FE2-81F1-0D84A703216C}.Debug|Any CPU.Build.0 = Debug|Any CPU
		{72710A15-5F1F-4FE2-81F1-0D84A703216C}.Release|Any CPU.ActiveCfg = Release|Any CPU
		{72710A15-5F1F-4FE2-81F1-0D84A703216C}.Release|Any CPU.Build.0 = Release|Any CPU
		{2BAF1A23-412F-4F03-99DF-CD35F3A8EDF2}.Debug|Any CPU.ActiveCfg = Debug|Any CPU
		{2BAF1A23-412F-4F03-99DF-CD35F3A8EDF2}.Debug|Any CPU.Build.0 = Debug|Any CPU
		{2BAF1A23-412F-4F03-99DF-CD35F3A8EDF2}.Release|Any CPU.ActiveCfg = Release|Any CPU
		{2BAF1A23-412F-4F03-99DF-CD35F3A8EDF2}.Release|Any CPU.Build.0 = Release|Any CPU
		{9BFA46DF-57AB-4E10-AF4A-53648E81318B}.Debug|Any CPU.ActiveCfg = Debug|Any CPU
		{9BFA46DF-57AB-4E10-AF4A-53648E81318B}.Debug|Any CPU.Build.0 = Debug|Any CPU
		{9BFA46DF-57AB-4E10-AF4A-53648E81318B}.Release|Any CPU.ActiveCfg = Release|Any CPU
		{9BFA46DF-57AB-4E10-AF4A-53648E81318B}.Release|Any CPU.Build.0 = Release|Any CPU
	EndGlobalSection
	GlobalSection(SolutionProperties) = preSolution
		HideSolutionNode = FALSE
	EndGlobalSection
	GlobalSection(ExtensibilityGlobals) = postSolution
		SolutionGuid = {1F5DD76F-3E72-44BF-A38D-E4BD2556F629}
	EndGlobalSection
EndGlobal
